
Microsoft Visual Studio Solution File, Format Version 12.00
# Visual Studio Version 17
VisualStudioVersion = 17.7.34302.85
MinimumVisualStudioVersion = 10.0.40219.1
Project("{FAE04EC0-301F-11D3-BF4B-00C04F79EFBC}") = "AlarmOperator", "AlarmOperator\AlarmOperator.csproj", "{4278AFEC-7708-469B-9CD2-41933970243E}"
EndProject
Global
	GlobalSection(SolutionConfigurationPlatforms) = preSolution
		Debug|Any CPU = Debug|Any CPU
		Release|Any CPU = Release|Any CPU
	EndGlobalSection
	GlobalSection(ProjectConfigurationPlatforms) = postSolution
		{4278AFEC-7708-469B-9CD2-41933970243E}.Debug|Any CPU.ActiveCfg = Debug|Any CPU
		{4278AFEC-7708-469B-9CD2-41933970243E}.Debug|Any CPU.Build.0 = Debug|Any CPU
		{4278AFEC-7708-469B-9CD2-41933970243E}.Release|Any CPU.ActiveCfg = Release|Any CPU
		{4278AFEC-7708-469B-9CD2-41933970243E}.Release|Any CPU.Build.0 = Release|Any CPU
	EndGlobalSection
	GlobalSection(SolutionProperties) = preSolution
		HideSolutionNode = FALSE
	EndGlobalSection
	GlobalSection(ExtensibilityGlobals) = postSolution
		SolutionGuid = {AACEDF24-ED12-4489-AA7C-4AB8E2FCFCF5}
	EndGlobalSection
EndGlobal
